
Microsoft Visual Studio Solution File, Format Version 12.00
# Visual Studio Version 16
VisualStudioVersion = 16.0.29920.165
MinimumVisualStudioVersion = 10.0.40219.1
Project("{8BC9CEB8-8B4A-11D0-8D11-00A0C91BC942}") = "CppServerLib", "CppServerLib\CppServerLib.vcxproj", "{D1538F5E-9C85-4366-AE38-86759467C4FD}"
EndProject
Global
	GlobalSection(SolutionConfigurationPlatforms) = preSolution
		Debug|x64 = Debug|x64
		Debug|x86 = Debug|x86
		Release|x64 = Release|x64
		Release|x86 = Release|x86
	EndGlobalSection
	GlobalSection(ProjectConfigurationPlatforms) = postSolution
		{D1538F5E-9C85-4366-AE38-86759467C4FD}.Debug|x64.ActiveCfg = Debug|x64
		{D1538F5E-9C85-4366-AE38-86759467C4FD}.Debug|x64.Build.0 = Debug|x64
		{D1538F5E-9C85-4366-AE38-86759467C4FD}.Debug|x86.ActiveCfg = Debug|Win32
		{D1538F5E-9C85-4366-AE38-86759467C4FD}.Debug|x86.Build.0 = Debug|Win32
		{D1538F5E-9C85-4366-AE38-86759467C4FD}.Release|x64.ActiveCfg = Release|x64
		{D1538F5E-9C85-4366-AE38-86759467C4FD}.Release|x64.Build.0 = Release|x64
		{D1538F5E-9C85-4366-AE38-86759467C4FD}.Release|x86.ActiveCfg = Release|Win32
		{D1538F5E-9C85-4366-AE38-86759467C4FD}.Release|x86.Build.0 = Release|Win32
	EndGlobalSection
	GlobalSection(SolutionProperties) = preSolution
		HideSolutionNode = FALSE
	EndGlobalSection
	GlobalSection(ExtensibilityGlobals) = postSolution
		SolutionGuid = {21875B4C-B396-4A20-9C92-EB43B7B39560}
	EndGlobalSection
EndGlobal
